<?xml version="1.0" encoding="utf-8"?>
<Project ToolsVersion="4.0" xmlns="http://schemas.microsoft.com/developer/msbuild/2003">
  <ItemGroup>
    <Filter Include="Source Files">
      <UniqueIdentifier>{4FC737F1-C7A5-4376-A066-2A32D752A2FF}</UniqueIdentifier>
      <Extensions>cpp;c;cc;cxx;def;odl;idl;hpj;bat;asm;asmx</Extensions>
    </Filter>
    <Filter Include="Header Files">
      <UniqueIdentifier>{93995380-89BD-4b04-88EB-625FBE52EBFB}</UniqueIdentifier>
      <Extensions>h;hh;hpp;hxx;hm;inl;inc;ipp;xsd</Extensions>
    </Filter>
    <Filter Include="Resource Files">
      <UniqueIdentifier>{67DA6AB6-F800-4c08-8B7A-83BB121AAD01}</UniqueIdentifier>
      <Extensions>rc;ico;cur;bmp;dlg;rc2;rct;bin;rgs;gif;jpg;jpeg;jpe;resx;tiff;tif;png;wav;mfcribbon-ms</Extensions>
    </Filter>
  </ItemGroup>
  <ItemGroup>
    <ClInclude Include="btCGProjection.h">
      <Filter>Header Files</Filter>
    </ClInclude>
    <ClInclude Include="btConjugateGradient.h">
      <Filter>Header Files</Filter>
    </ClInclude>
    <ClInclude Include="btConjugateResidual.h">
      <Filter>Header Files</Filter>
    </ClInclude>
    <ClInclude Include="btDefaultSoftBodySolver.h">
      <Filter>Header Files</Filter>
    </ClInclude>
    <ClInclude Include="btDeformableBackwardEulerObjective.h">
      <Filter>Header Files</Filter>
    </ClInclude>
    <ClInclude Include="btDeformableBodySolver.h">
      <Filter>Header Files</Filter>
    </ClInclude>
    <ClInclude Include="btDeformableContactConstraint.h">
      <Filter>Header Files</Filter>
    </ClInclude>
    <ClInclude Include="btDeformableContactProjection.h">
      <Filter>Header Files</Filter>
    </ClInclude>
    <ClInclude Include="btDeformableCorotatedForce.h">
      <Filter>Header Files</Filter>
    </ClInclude>
    <ClInclude Include="btDeformableGravityForce.h">
      <Filter>Header Files</Filter>
    </ClInclude>
    <ClInclude Include="btDeformableLagrangianForce.h">
      <Filter>Header Files</Filter>
    </ClInclude>
    <ClInclude Include="btDeformableLinearElasticityForce.h">
      <Filter>Header Files</Filter>
    </ClInclude>
    <ClInclude Include="btDeformableMassSpringForce.h">
      <Filter>Header Files</Filter>
    </ClInclude>
    <ClInclude Include="btDeformableMousePickingForce.h">
      <Filter>Header Files</Filter>
    </ClInclude>
    <ClInclude Include="btDeformableMultiBodyConstraintSolver.h">
      <Filter>Header Files</Filter>
    </ClInclude>
    <ClInclude Include="btDeformableMultiBodyDynamicsWorld.h">
      <Filter>Header Files</Filter>
    </ClInclude>
    <ClInclude Include="btDeformableNeoHookeanForce.h">
      <Filter>Header Files</Filter>
    </ClInclude>
    <ClInclude Include="btKrylovSolver.h">
      <Filter>Header Files</Filter>
    </ClInclude>
    <ClInclude Include="btPreconditioner.h">
      <Filter>Header Files</Filter>
    </ClInclude>
    <ClInclude Include="btSoftBody.h">
      <Filter>Header Files</Filter>
    </ClInclude>
    <ClInclude Include="btSoftBodyConcaveCollisionAlgorithm.h">
      <Filter>Header Files</Filter>
    </ClInclude>
    <ClInclude Include="btSoftBodyData.h">
      <Filter>Header Files</Filter>
    </ClInclude>
    <ClInclude Include="btSoftBodyHelpers.h">
      <Filter>Header Files</Filter>
    </ClInclude>
    <ClInclude Include="btSoftBodyInternals.h">
      <Filter>Header Files</Filter>
    </ClInclude>
    <ClInclude Include="btSoftBodyRigidBodyCollisionConfiguration.h">
      <Filter>Header Files</Filter>
    </ClInclude>
    <ClInclude Include="btSoftBodySolvers.h">
      <Filter>Header Files</Filter>
    </ClInclude>
    <ClInclude Include="btSoftBodySolverVertexBuffer.h">
      <Filter>Header Files</Filter>
    </ClInclude>
    <ClInclude Include="btSoftMultiBodyDynamicsWorld.h">
      <Filter>Header Files</Filter>
    </ClInclude>
    <ClInclude Include="btSoftRigidCollisionAlgorithm.h">
      <Filter>Header Files</Filter>
    </ClInclude>
    <ClInclude Include="btSoftRigidDynamicsWorld.h">
      <Filter>Header Files</Filter>
    </ClInclude>
    <ClInclude Include="btSoftSoftCollisionAlgorithm.h">
      <Filter>Header Files</Filter>
    </ClInclude>
    <ClInclude Include="btSparseSDF.h">
      <Filter>Header Files</Filter>
    </ClInclude>
    <ClInclude Include="DeformableBodyInplaceSolverIslandCallback.h">
      <Filter>Header Files</Filter>
    </ClInclude>
    <ClInclude Include="poly34.h">
      <Filter>Header Files</Filter>
    </ClInclude>
  </ItemGroup>
  <ItemGroup>
    <ClCompile Include="btDefaultSoftBodySolver.cpp">
      <Filter>Source Files</Filter>
    </ClCompile>
    <ClCompile Include="btDeformableBackwardEulerObjective.cpp">
      <Filter>Source Files</Filter>
    </ClCompile>
    <ClCompile Include="btDeformableBodySolver.cpp">
      <Filter>Source Files</Filter>
    </ClCompile>
    <ClCompile Include="btDeformableContactConstraint.cpp">
      <Filter>Source Files</Filter>
    </ClCompile>
    <ClCompile Include="btDeformableContactProjection.cpp">
      <Filter>Source Files</Filter>
    </ClCompile>
    <ClCompile Include="btDeformableMultiBodyConstraintSolver.cpp">
      <Filter>Source Files</Filter>
    </ClCompile>
    <ClCompile Include="btDeformableMultiBodyDynamicsWorld.cpp">
      <Filter>Source Files</Filter>
    </ClCompile>
    <ClCompile Include="btSoftBody.cpp">
      <Filter>Source Files</Filter>
    </ClCompile>
    <ClCompile Include="btSoftBodyConcaveCollisionAlgorithm.cpp">
      <Filter>Source Files</Filter>
    </ClCompile>
    <ClCompile Include="btSoftBodyHelpers.cpp">
      <Filter>Source Files</Filter>
    </ClCompile>
    <ClCompile Include="btSoftBodyRigidBodyCollisionConfiguration.cpp">
      <Filter>Source Files</Filter>
    </ClCompile>
    <ClCompile Include="btSoftMultiBodyDynamicsWorld.cpp">
      <Filter>Source Files</Filter>
    </ClCompile>
    <ClCompile Include="btSoftRigidCollisionAlgorithm.cpp">
      <Filter>Source Files</Filter>
    </ClCompile>
    <ClCompile Include="btSoftRigidDynamicsWorld.cpp">
      <Filter>Source Files</Filter>
    </ClCompile>
    <ClCompile Include="btSoftSoftCollisionAlgorithm.cpp">
      <Filter>Source Files</Filter>
    </ClCompile>
    <ClCompile Include="poly34.cpp">
      <Filter>Source Files</Filter>
    </ClCompile>
  </ItemGroup>
</Project>